lockfileVersion: '9.0'

settings:
  autoInstallPeers: true
  excludeLinksFromLockfile: false

importers:

  .:
    dependencies:
      '@anthropic-ai/sdk':
        specifier: ^0.68.0
        version: 0.68.0(zod@4.1.12)
      '@supabase/supabase-js':
        specifier: ^2.80.0
        version: 2.81.1
      zod:
        specifier: ^4.1.12
        version: 4.1.12
    devDependencies:
      '@types/node':
        specifier: ^22.9.0
        version: 22.19.1
      typescript:
        specifier: ^5.6.3
        version: 5.9.3

packages:

  '@anthropic-ai/sdk@0.68.0':
    resolution: {integrity: sha512-SMYAmbbiprG8k1EjEPMTwaTqssDT7Ae+jxcR5kWXiqTlbwMR2AthXtscEVWOHkRfyAV5+y3PFYTJRNa3OJWIEw==}
    hasBin: true
    peerDependencies:
      zod: ^3.25.0 || ^4.0.0
    peerDependenciesMeta:
      zod:
        optional: true

  '@babel/runtime@7.28.4':
    resolution: {integrity: sha512-Q/N6JNWvIvPnLDvjlE1OUBLPQHH6l3CltCEsHIujp45zQUSSh8K+gHnaEX45yAT1nyngnINhvWtzN+Nb9D8RAQ==}
    engines: {node: '>=6.9.0'}

  '@supabase/auth-js@2.81.1':
    resolution: {integrity: sha512-K20GgiSm9XeRLypxYHa5UCnybWc2K0ok0HLbqCej/wRxDpJxToXNOwKt0l7nO8xI1CyQ+GrNfU6bcRzvdbeopQ==}
    engines: {node: '>=20.0.0'}

  '@supabase/functions-js@2.81.1':
    resolution: {integrity: sha512-sYgSO3mlgL0NvBFS3oRfCK4OgKGQwuOWJLzfPyWg0k8MSxSFSDeN/JtrDJD5GQrxskP6c58+vUzruBJQY78AqQ==}
    engines: {node: '>=20.0.0'}

  '@supabase/postgrest-js@2.81.1':
    resolution: {integrity: sha512-DePpUTAPXJyBurQ4IH2e42DWoA+/Qmr5mbgY4B6ZcxVc/ZUKfTVK31BYIFBATMApWraFc8Q/Sg+yxtfJ3E0wSg==}
    engines: {node: '>=20.0.0'}

  '@supabase/realtime-js@2.81.1':
    resolution: {integrity: sha512-ViQ+Kxm8BuUP/TcYmH9tViqYKGSD1LBjdqx2p5J+47RES6c+0QHedM0PPAjthMdAHWyb2LGATE9PD2++2rO/tw==}
    engines: {node: '>=20.0.0'}

  '@supabase/storage-js@2.81.1':
    resolution: {integrity: sha512-UNmYtjnZnhouqnbEMC1D5YJot7y0rIaZx7FG2Fv8S3hhNjcGVvO+h9We/tggi273BFkiahQPS/uRsapo1cSapw==}
    engines: {node: '>=20.0.0'}

  '@supabase/supabase-js@2.81.1':
    resolution: {integrity: sha512-KSdY7xb2L0DlLmlYzIOghdw/na4gsMcqJ8u4sD6tOQJr+x3hLujU9s4R8N3ob84/1bkvpvlU5PYKa1ae+OICnw==}
    engines: {node: '>=20.0.0'}

  '@types/node@22.19.1':
    resolution: {integrity: sha512-LCCV0HdSZZZb34qifBsyWlUmok6W7ouER+oQIGBScS8EsZsQbrtFTUrDX4hOl+CS6p7cnNC4td+qrSVGSCTUfQ==}

  '@types/phoenix@1.6.6':
    resolution: {integrity: sha512-PIzZZlEppgrpoT2QgbnDU+MMzuR6BbCjllj0bM70lWoejMeNJAxCchxnv7J3XFkI8MpygtRpzXrIlmWUBclP5A==}

  '@types/ws@8.18.1':
    resolution: {integrity: sha512-ThVF6DCVhA8kUGy+aazFQ4kXQ7E1Ty7A3ypFOe0IcJV8O/M511G99AW24irKrW56Wt44yG9+ij8FaqoBGkuBXg==}

  json-schema-to-ts@3.1.1:
    resolution: {integrity: sha512-+DWg8jCJG2TEnpy7kOm/7/AxaYoaRbjVB4LFZLySZlWn8exGs3A4OLJR966cVvU26N7X9TWxl+Jsw7dzAqKT6g==}
    engines: {node: '>=16'}

  ts-algebra@2.0.0:
    resolution: {integrity: sha512-FPAhNPFMrkwz76P7cdjdmiShwMynZYN6SgOujD1urY4oNm80Ou9oMdmbR45LotcKOXoy7wSmHkRFE6Mxbrhefw==}

  tslib@2.8.1:
    resolution: {integrity: sha512-oJFu94HQb+KVduSUQL7wnpmqnfmLsOA/nAh6b6EH0wCEoK0/mPeXU6c3wKDV83MkOuHPRHtSXKKU99IBazS/2w==}

  typescript@5.9.3:
    resolution: {integrity: sha512-jl1vZzPDinLr9eUt3J/t7V6FgNEw9QjvBPdysz9KfQDD41fQrC2Y4vKQdiaUpFT4bXlb1RHhLpp8wtm6M5TgSw==}
    engines: {node: '>=14.17'}
    hasBin: true

  undici-types@6.21.0:
    resolution: {integrity: sha512-iwDZqg0QAGrg9Rav5H4n0M64c3mkR59cJ6wQp+7C4nI0gsmExaedaYLNO44eT4AtBBwjbTiGPMlt2Md0T9H9JQ==}

  ws@8.18.3:
    resolution: {integrity: sha512-PEIGCY5tSlUt50cqyMXfCzX+oOPqN0vuGqWzbcJ2xvnkzkq46oOpz7dQaTDBdfICb4N14+GARUDw2XV2N4tvzg==}
    engines: {node: '>=10.0.0'}
    peerDependencies:
      bufferutil: ^4.0.1
      utf-8-validate: '>=5.0.2'
    peerDependenciesMeta:
      bufferutil:
        optional: true
      utf-8-validate:
        optional: true

  zod@4.1.12:
    resolution: {integrity: sha512-JInaHOamG8pt5+Ey8kGmdcAcg3OL9reK8ltczgHTAwNhMys/6ThXHityHxVV2p3fkw/c+MAvBHFVYHFZDmjMCQ==}

snapshots:

  '@anthropic-ai/sdk@0.68.0(zod@4.1.12)':
    dependencies:
      json-schema-to-ts: 3.1.1
    optionalDependencies:
      zod: 4.1.12

  '@babel/runtime@7.28.4': {}

  '@supabase/auth-js@2.81.1':
    dependencies:
      tslib: 2.8.1

  '@supabase/functions-js@2.81.1':
    dependencies:
      tslib: 2.8.1

  '@supabase/postgrest-js@2.81.1':
    dependencies:
      tslib: 2.8.1

  '@supabase/realtime-js@2.81.1':
    dependencies:
      '@types/phoenix': 1.6.6
      '@types/ws': 8.18.1
      tslib: 2.8.1
      ws: 8.18.3
    transitivePeerDependencies:
      - bufferutil
      - utf-8-validate

  '@supabase/storage-js@2.81.1':
    dependencies:
      tslib: 2.8.1

  '@supabase/supabase-js@2.81.1':
    dependencies:
      '@supabase/auth-js': 2.81.1
      '@supabase/functions-js': 2.81.1
      '@supabase/postgrest-js': 2.81.1
      '@supabase/realtime-js': 2.81.1
      '@supabase/storage-js': 2.81.1
    transitivePeerDependencies:
      - bufferutil
      - utf-8-validate

  '@types/node@22.19.1':
    dependencies:
      undici-types: 6.21.0

  '@types/phoenix@1.6.6': {}

  '@types/ws@8.18.1':
    dependencies:
      '@types/node': 22.19.1

  json-schema-to-ts@3.1.1:
    dependencies:
      '@babel/runtime': 7.28.4
      ts-algebra: 2.0.0

  ts-algebra@2.0.0: {}

  tslib@2.8.1: {}

  typescript@5.9.3: {}

  undici-types@6.21.0: {}

  ws@8.18.3: {}

  zod@4.1.12: {}
